{
  "name": "parcel-css-bundle-modules-repro",
  "version": "1.0.0",
  "lockfileVersion": 2,
  "requires": true,
  "packages": {
    "": {
      "version": "1.0.0",
      "license": "ISC",
      "devDependencies": {
        "@parcel/css-cli": "^1.5.0"
      }
    },
    "node_modules/@parcel/css-cli": {
      "version": "1.5.0",
      "resolved": "https://registry.npmjs.org/@parcel/css-cli/-/css-cli-1.5.0.tgz",
      "integrity": "sha512-H+PKD9MkXEyvPAc7tYuppvMcZ3e1UcEv/WKQqvFTfnu6leLUylj6YMdiyydCj7dYmQQxAYVIXSHi5yZ6f9qXwg==",
      "dev": true,
      "hasInstallScript": true,
      "dependencies": {
        "detect-libc": "^1.0.3"
      },
      "bin": {
        "parcel-css": "parcel_css"
      },
      "engines": {
        "node": ">= 12.0.0"
      },
      "funding": {
        "type": "opencollective",
        "url": "https://opencollective.com/parcel"
      },
      "optionalDependencies": {
        "@parcel/css-cli-darwin-arm64": "1.5.0",
        "@parcel/css-cli-darwin-x64": "1.5.0",
        "@parcel/css-cli-linux-arm-gnueabihf": "1.5.0",
        "@parcel/css-cli-linux-arm64-gnu": "1.5.0",
        "@parcel/css-cli-linux-arm64-musl": "1.5.0",
        "@parcel/css-cli-linux-x64-gnu": "1.5.0",
        "@parcel/css-cli-linux-x64-musl": "1.5.0",
        "@parcel/css-cli-win32-x64-msvc": "1.5.0"
      }
    },
    "node_modules/@parcel/css-cli-darwin-arm64": {
      "version": "1.5.0",
      "resolved": "https://registry.npmjs.org/@parcel/css-cli-darwin-arm64/-/css-cli-darwin-arm64-1.5.0.tgz",
      "integrity": "sha512-vqds8p7zh9tPlr40xc+DY4qVsANm/1TCjA9D9BBSlzWNLvK6eUe1FnVtvFUnjQbVUGbKha9WmfTo9X/enPEwBg==",
      "cpu": [
        "arm64"
      ],
      "dev": true,
      "optional": true,
      "os": [
        "darwin"
      ],
      "engines": {
        "node": ">= 12.0.0"
      },
      "funding": {
        "type": "opencollective",
        "url": "https://opencollective.com/parcel"
      }
    },
    "node_modules/@parcel/css-cli-darwin-x64": {
      "version": "1.5.0",
      "resolved": "https://registry.npmjs.org/@parcel/css-cli-darwin-x64/-/css-cli-darwin-x64-1.5.0.tgz",
      "integrity": "sha512-D1TMbtgu67cL+3CO81G54pcZbOKWKJmNSihbVOedIk8an5bJ6f7+KBCWOCUjcwX8aZhWdsIWR1nvGxbvhvWjMw==",
      "cpu": [
        "x64"
      ],
      "dev": true,
      "optional": true,
      "os": [
        "darwin"
      ],
      "engines": {
        "node": ">= 12.0.0"
      },
      "funding": {
        "type": "opencollective",
        "url": "https://opencollective.com/parcel"
      }
    },
    "node_modules/@parcel/css-cli-linux-arm-gnueabihf": {
      "version": "1.5.0",
      "resolved": "https://registry.npmjs.org/@parcel/css-cli-linux-arm-gnueabihf/-/css-cli-linux-arm-gnueabihf-1.5.0.tgz",
      "integrity": "sha512-W/p/V6EVODdx15bJFhFRXzkc7FLUUXFw2yE8HpqO+1cYI9vBVNTFlehISDMnOVM3Pz5/vxCCk+7yroEUNoDtpw==",
      "cpu": [
        "arm"
      ],
      "dev": true,
      "optional": true,
      "os": [
        "linux"
      ],
      "engines": {
        "node": ">= 12.0.0"
      },
      "funding": {
        "type": "opencollective",
        "url": "https://opencollective.com/parcel"
      }
    },
    "node_modules/@parcel/css-cli-linux-arm64-gnu": {
      "version": "1.5.0",
      "resolved": "https://registry.npmjs.org/@parcel/css-cli-linux-arm64-gnu/-/css-cli-linux-arm64-gnu-1.5.0.tgz",
      "integrity": "sha512-X1MDHcmIZgTGZfWgQhQ3zjGyZRr22Hs10zYNxRiuxh8t57npwdBfyj9pMveMiFk4x4KYH292r9zazazGhaqBSA==",
      "cpu": [
        "arm64"
      ],
      "dev": true,
      "optional": true,
      "os": [
        "linux"
      ],
      "engines": {
        "node": ">= 12.0.0"
      },
      "funding": {
        "type": "opencollective",
        "url": "https://opencollective.com/parcel"
      }
    },
    "node_modules/@parcel/css-cli-linux-arm64-musl": {
      "version": "1.5.0",
      "resolved": "https://registry.npmjs.org/@parcel/css-cli-linux-arm64-musl/-/css-cli-linux-arm64-musl-1.5.0.tgz",
      "integrity": "sha512-YhR5whTr08lhBBc/rpFiF6immNnsTNs4rcDtgo7FyVUhik/grdfrQz/8ondQvfc39Ei50Eu5cFZycyG7VHLpZA==",
      "cpu": [
        "arm64"
      ],
      "dev": true,
      "optional": true,
      "os": [
        "linux"
      ],
      "engines": {
        "node": ">= 12.0.0"
      },
      "funding": {
        "type": "opencollective",
        "url": "https://opencollective.com/parcel"
      }
    },
    "node_modules/@parcel/css-cli-linux-x64-gnu": {
      "version": "1.5.0",
      "resolved": "https://registry.npmjs.org/@parcel/css-cli-linux-x64-gnu/-/css-cli-linux-x64-gnu-1.5.0.tgz",
      "integrity": "sha512-EIouP2qSO/JaMFdAacqXWPJ3GoIqib082pEnewZNbnyHZg4Z08tEzYpxlGcFKAl4WPFV/GETV0jBHrsrFZpqFA==",
      "cpu": [
        "x64"
      ],
      "dev": true,
      "optional": true,
      "os": [
        "linux"
      ],
      "engines": {
        "node": ">= 12.0.0"
      },
      "funding": {
        "type": "opencollective",
        "url": "https://opencollective.com/parcel"
      }
    },
    "node_modules/@parcel/css-cli-linux-x64-musl": {
      "version": "1.5.0",
      "resolved": "https://registry.npmjs.org/@parcel/css-cli-linux-x64-musl/-/css-cli-linux-x64-musl-1.5.0.tgz",
      "integrity": "sha512-NhXP6idfmJqqbplLqpZjZnH/8lGwI544kSaLpz2rouv27JEZs7ve3Jr9F9CVpSwkNhs/dhFVRyZUHSMI/UE5dw==",
      "cpu": [
        "x64"
      ],
      "dev": true,
      "optional": true,
      "os": [
        "linux"
      ],
      "engines": {
        "node": ">= 12.0.0"
      },
      "funding": {
        "type": "opencollective",
        "url": "https://opencollective.com/parcel"
      }
    },
    "node_modules/@parcel/css-cli-win32-x64-msvc": {
      "version": "1.5.0",
      "resolved": "https://registry.npmjs.org/@parcel/css-cli-win32-x64-msvc/-/css-cli-win32-x64-msvc-1.5.0.tgz",
      "integrity": "sha512-BoienasRV2MlSlFuDt7zQzkMx09dmG4m7Cf2aCscAePG1TAJo94jgpjNt+IpXfuJ4BOG14Q1yqEAFJQdqXeQTw==",
      "cpu": [
        "x64"
      ],
      "dev": true,
      "optional": true,
      "os": [
        "win32"
      ],
      "engines": {
        "node": ">= 12.0.0"
      },
      "funding": {
        "type": "opencollective",
        "url": "https://opencollective.com/parcel"
      }
    },
    "node_modules/detect-libc": {
      "version": "1.0.3",
      "resolved": "https://registry.npmjs.org/detect-libc/-/detect-libc-1.0.3.tgz",
      "integrity": "sha1-+hN8S9aY7fVc1c0CrFWfkaTEups=",
      "dev": true,
      "bin": {
        "detect-libc": "bin/detect-libc.js"
      },
      "engines": {
        "node": ">=0.10"
      }
    }
  },
  "dependencies": {
    "@parcel/css-cli": {
      "version": "1.5.0",
      "resolved": "https://registry.npmjs.org/@parcel/css-cli/-/css-cli-1.5.0.tgz",
      "integrity": "sha512-H+PKD9MkXEyvPAc7tYuppvMcZ3e1UcEv/WKQqvFTfnu6leLUylj6YMdiyydCj7dYmQQxAYVIXSHi5yZ6f9qXwg==",
      "dev": true,
      "requires": {
        "@parcel/css-cli-darwin-arm64": "1.5.0",
        "@parcel/css-cli-darwin-x64": "1.5.0",
        "@parcel/css-cli-linux-arm-gnueabihf": "1.5.0",
        "@parcel/css-cli-linux-arm64-gnu": "1.5.0",
        "@parcel/css-cli-linux-arm64-musl": "1.5.0",
        "@parcel/css-cli-linux-x64-gnu": "1.5.0",
        "@parcel/css-cli-linux-x64-musl": "1.5.0",
        "@parcel/css-cli-win32-x64-msvc": "1.5.0",
        "detect-libc": "^1.0.3"
      }
    },
    "@parcel/css-cli-darwin-arm64": {
      "version": "1.5.0",
      "resolved": "https://registry.npmjs.org/@parcel/css-cli-darwin-arm64/-/css-cli-darwin-arm64-1.5.0.tgz",
      "integrity": "sha512-vqds8p7zh9tPlr40xc+DY4qVsANm/1TCjA9D9BBSlzWNLvK6eUe1FnVtvFUnjQbVUGbKha9WmfTo9X/enPEwBg==",
      "dev": true,
      "optional": true
    },
    "@parcel/css-cli-darwin-x64": {
      "version": "1.5.0",
      "resolved": "https://registry.npmjs.org/@parcel/css-cli-darwin-x64/-/css-cli-darwin-x64-1.5.0.tgz",
      "integrity": "sha512-D1TMbtgu67cL+3CO81G54pcZbOKWKJmNSihbVOedIk8an5bJ6f7+KBCWOCUjcwX8aZhWdsIWR1nvGxbvhvWjMw==",
      "dev": true,
      "optional": true
    },
    "@parcel/css-cli-linux-arm-gnueabihf": {
      "version": "1.5.0",
      "resolved": "https://registry.npmjs.org/@parcel/css-cli-linux-arm-gnueabihf/-/css-cli-linux-arm-gnueabihf-1.5.0.tgz",
      "integrity": "sha512-W/p/V6EVODdx15bJFhFRXzkc7FLUUXFw2yE8HpqO+1cYI9vBVNTFlehISDMnOVM3Pz5/vxCCk+7yroEUNoDtpw==",
      "dev": true,
      "optional": true
    },
    "@parcel/css-cli-linux-arm64-gnu": {
      "version": "1.5.0",
      "resolved": "https://registry.npmjs.org/@parcel/css-cli-linux-arm64-gnu/-/css-cli-linux-arm64-gnu-1.5.0.tgz",
      "integrity": "sha512-X1MDHcmIZgTGZfWgQhQ3zjGyZRr22Hs10zYNxRiuxh8t57npwdBfyj9pMveMiFk4x4KYH292r9zazazGhaqBSA==",
      "dev": true,
      "optional": true
    },
    "@parcel/css-cli-linux-arm64-musl": {
      "version": "1.5.0",
      "resolved": "https://registry.npmjs.org/@parcel/css-cli-linux-arm64-musl/-/css-cli-linux-arm64-musl-1.5.0.tgz",
      "integrity": "sha512-YhR5whTr08lhBBc/rpFiF6immNnsTNs4rcDtgo7FyVUhik/grdfrQz/8ondQvfc39Ei50Eu5cFZycyG7VHLpZA==",
      "dev": true,
      "optional": true
    },
    "@parcel/css-cli-linux-x64-gnu": {
      "version": "1.5.0",
      "resolved": "https://registry.npmjs.org/@parcel/css-cli-linux-x64-gnu/-/css-cli-linux-x64-gnu-1.5.0.tgz",
      "integrity": "sha512-EIouP2qSO/JaMFdAacqXWPJ3GoIqib082pEnewZNbnyHZg4Z08tEzYpxlGcFKAl4WPFV/GETV0jBHrsrFZpqFA==",
      "dev": true,
      "optional": true
    },
    "@parcel/css-cli-linux-x64-musl": {
      "version": "1.5.0",
      "resolved": "https://registry.npmjs.org/@parcel/css-cli-linux-x64-musl/-/css-cli-linux-x64-musl-1.5.0.tgz",
      "integrity": "sha512-NhXP6idfmJqqbplLqpZjZnH/8lGwI544kSaLpz2rouv27JEZs7ve3Jr9F9CVpSwkNhs/dhFVRyZUHSMI/UE5dw==",
      "dev": true,
      "optional": true
    },
    "@parcel/css-cli-win32-x64-msvc": {
      "version": "1.5.0",
      "resolved": "https://registry.npmjs.org/@parcel/css-cli-win32-x64-msvc/-/css-cli-win32-x64-msvc-1.5.0.tgz",
      "integrity": "sha512-BoienasRV2MlSlFuDt7zQzkMx09dmG4m7Cf2aCscAePG1TAJo94jgpjNt+IpXfuJ4BOG14Q1yqEAFJQdqXeQTw==",
      "dev": true,
      "optional": true
    },
    "detect-libc": {
      "version": "1.0.3",
      "resolved": "https://registry.npmjs.org/detect-libc/-/detect-libc-1.0.3.tgz",
      "integrity": "sha1-+hN8S9aY7fVc1c0CrFWfkaTEups=",
      "dev": true
    }
  }
}
